
Microsoft Visual Studio Solution File, Format Version 12.00
# Visual Studio 15
VisualStudioVersion = 15.0.27130.2027
MinimumVisualStudioVersion = 10.0.40219.1
Project("{FAE04EC0-301F-11D3-BF4B-00C04F79EFBC}") = "LegacyCore.Server", "LegacyCore.Server\LegacyCore.Server.csproj", "{E9FBFD1D-FFD8-47DB-9F32-FA3208435636}"
EndProject
Project("{2150E333-8FDC-42A3-9474-1A3956D46DE8}") = "Solution Items", "Solution Items", "{17332ED5-6958-468F-B12A-7C95DCB74982}"
	ProjectSection(SolutionItems) = preProject
		.gitignore = .gitignore
		README.md = README.md
	EndProjectSection
EndProject
Project("{FAE04EC0-301F-11D3-BF4B-00C04F79EFBC}") = "LegacyCore.Client", "LegacyCore.Client\LegacyCore.Client.csproj", "{453AE1AF-845F-449B-99A2-53C99FDE8A65}"
EndProject
Project("{FAE04EC0-301F-11D3-BF4B-00C04F79EFBC}") = "LegacyCore.Base", "LegacyCore.Base\LegacyCore.Base.csproj", "{DB2541C2-2B2C-45DC-B4AB-E0B9526FF4FE}"
EndProject
Global
	GlobalSection(SolutionConfigurationPlatforms) = preSolution
		Debug|Any CPU = Debug|Any CPU
		Release|Any CPU = Release|Any CPU
	EndGlobalSection
	GlobalSection(ProjectConfigurationPlatforms) = postSolution
		{E9FBFD1D-FFD8-47DB-9F32-FA3208435636}.Debug|Any CPU.ActiveCfg = Debug|Any CPU
		{E9FBFD1D-FFD8-47DB-9F32-FA3208435636}.Debug|Any CPU.Build.0 = Debug|Any CPU
		{E9FBFD1D-FFD8-47DB-9F32-FA3208435636}.Release|Any CPU.ActiveCfg = Release|Any CPU
		{E9FBFD1D-FFD8-47DB-9F32-FA3208435636}.Release|Any CPU.Build.0 = Release|Any CPU
		{453AE1AF-845F-449B-99A2-53C99FDE8A65}.Debug|Any CPU.ActiveCfg = Debug|Any CPU
		{453AE1AF-845F-449B-99A2-53C99FDE8A65}.Debug|Any CPU.Build.0 = Debug|Any CPU
		{453AE1AF-845F-449B-99A2-53C99FDE8A65}.Release|Any CPU.ActiveCfg = Release|Any CPU
		{453AE1AF-845F-449B-99A2-53C99FDE8A65}.Release|Any CPU.Build.0 = Release|Any CPU
		{DB2541C2-2B2C-45DC-B4AB-E0B9526FF4FE}.Debug|Any CPU.ActiveCfg = Debug|Any CPU
		{DB2541C2-2B2C-45DC-B4AB-E0B9526FF4FE}.Debug|Any CPU.Build.0 = Debug|Any CPU
		{DB2541C2-2B2C-45DC-B4AB-E0B9526FF4FE}.Release|Any CPU.ActiveCfg = Release|Any CPU
		{DB2541C2-2B2C-45DC-B4AB-E0B9526FF4FE}.Release|Any CPU.Build.0 = Release|Any CPU
	EndGlobalSection
	GlobalSection(SolutionProperties) = preSolution
		HideSolutionNode = FALSE
	EndGlobalSection
	GlobalSection(ExtensibilityGlobals) = postSolution
		SolutionGuid = {3FE35512-4B62-43FF-826D-38B41802EBBB}
	EndGlobalSection
EndGlobal
